
Microsoft Visual Studio Solution File, Format Version 12.00
# Visual Studio Version 16
VisualStudioVersion = 16.0.33328.57
MinimumVisualStudioVersion = 10.0.40219.1
Project("{FAE04EC0-301F-11D3-BF4B-00C04F79EFBC}") = "pr18", "pr18\pr18.csproj", "{C5FD8A88-6888-4272-BEE0-1652777BBC8B}"
EndProject
Global
	GlobalSection(SolutionConfigurationPlatforms) = preSolution
		Debug|Any CPU = Debug|Any CPU
		Release|Any CPU = Release|Any CPU
	EndGlobalSection
	GlobalSection(ProjectConfigurationPlatforms) = postSolution
		{C5FD8A88-6888-4272-BEE0-1652777BBC8B}.Debug|Any CPU.ActiveCfg = Debug|Any CPU
		{C5FD8A88-6888-4272-BEE0-1652777BBC8B}.Debug|Any CPU.Build.0 = Debug|Any CPU
		{C5FD8A88-6888-4272-BEE0-1652777BBC8B}.Release|Any CPU.ActiveCfg = Release|Any CPU
		{C5FD8A88-6888-4272-BEE0-1652777BBC8B}.Release|Any CPU.Build.0 = Release|Any CPU
	EndGlobalSection
	GlobalSection(SolutionProperties) = preSolution
		HideSolutionNode = FALSE
	EndGlobalSection
	GlobalSection(ExtensibilityGlobals) = postSolution
		SolutionGuid = {C2F22334-ECA0-412F-B336-10CB70DE9CE8}
	EndGlobalSection
EndGlobal
